
Microsoft Visual Studio Solution File, Format Version 12.00
# Visual Studio Version 16
VisualStudioVersion = 16.0.31112.23
MinimumVisualStudioVersion = 10.0.40219.1
Project("{FAE04EC0-301F-11D3-BF4B-00C04F79EFBC}") = "EmployeeRegister", "EmployeeRegister.csproj", "{B86D229A-4636-4E6F-A50C-3C1866210464}"
EndProject
Project("{FAE04EC0-301F-11D3-BF4B-00C04F79EFBC}") = "Contracts", "..\Contracts\Contracts.csproj", "{A47FFDFA-8A5E-4F85-98F6-27A80C127505}"
EndProject
Project("{FAE04EC0-301F-11D3-BF4B-00C04F79EFBC}") = "LoggerServices", "..\LoggerServices\LoggerServices.csproj", "{237986B0-9DA1-41F5-83BE-8A90B254BBDF}"
EndProject
Global
	GlobalSection(SolutionConfigurationPlatforms) = preSolution
		Debug|Any CPU = Debug|Any CPU
		Release|Any CPU = Release|Any CPU
	EndGlobalSection
	GlobalSection(ProjectConfigurationPlatforms) = postSolution
		{B86D229A-4636-4E6F-A50C-3C1866210464}.Debug|Any CPU.ActiveCfg = Debug|Any CPU
		{B86D229A-4636-4E6F-A50C-3C1866210464}.Debug|Any CPU.Build.0 = Debug|Any CPU
		{B86D229A-4636-4E6F-A50C-3C1866210464}.Release|Any CPU.ActiveCfg = Release|Any CPU
		{B86D229A-4636-4E6F-A50C-3C1866210464}.Release|Any CPU.Build.0 = Release|Any CPU
		{A47FFDFA-8A5E-4F85-98F6-27A80C127505}.Debug|Any CPU.ActiveCfg = Debug|Any CPU
		{A47FFDFA-8A5E-4F85-98F6-27A80C127505}.Debug|Any CPU.Build.0 = Debug|Any CPU
		{A47FFDFA-8A5E-4F85-98F6-27A80C127505}.Release|Any CPU.ActiveCfg = Release|Any CPU
		{A47FFDFA-8A5E-4F85-98F6-27A80C127505}.Release|Any CPU.Build.0 = Release|Any CPU
		{237986B0-9DA1-41F5-83BE-8A90B254BBDF}.Debug|Any CPU.ActiveCfg = Debug|Any CPU
		{237986B0-9DA1-41F5-83BE-8A90B254BBDF}.Debug|Any CPU.Build.0 = Debug|Any CPU
		{237986B0-9DA1-41F5-83BE-8A90B254BBDF}.Release|Any CPU.ActiveCfg = Release|Any CPU
		{237986B0-9DA1-41F5-83BE-8A90B254BBDF}.Release|Any CPU.Build.0 = Release|Any CPU
	EndGlobalSection
	GlobalSection(SolutionProperties) = preSolution
		HideSolutionNode = FALSE
	EndGlobalSection
	GlobalSection(ExtensibilityGlobals) = postSolution
		SolutionGuid = {4FC6AD77-F02E-4120-95B6-4908A92FD461}
	EndGlobalSection
EndGlobal
